
Microsoft Visual Studio Solution File, Format Version 12.00
# Visual Studio Version 17
VisualStudioVersion = 17.11.35327.3
MinimumVisualStudioVersion = 10.0.40219.1
Project("{9A19103F-16F7-4668-BE54-9A1E7A4F7556}") = "Biblioteka", "Biblioteka\Biblioteka.csproj", "{2B48D80B-EEB0-45C7-B96A-49CEC172FD32}"
EndProject
Project("{9A19103F-16F7-4668-BE54-9A1E7A4F7556}") = "Data", "Data\Data.csproj", "{1214707B-6204-4DA6-8351-0D6CF936979F}"
EndProject
Project("{9A19103F-16F7-4668-BE54-9A1E7A4F7556}") = "Controller", "Controller\Controller.csproj", "{013E7670-C606-4325-8100-FD0B73C9D7A3}"
EndProject
Project("{FAE04EC0-301F-11D3-BF4B-00C04F79EFBC}") = "Forms", "Forms\Forms.csproj", "{305B7795-9401-4E61-A87B-FD2FC6C505DA}"
EndProject
Project("{FAE04EC0-301F-11D3-BF4B-00C04F79EFBC}") = "TestProject1", "TestProject1\TestProject1.csproj", "{7F6AD892-0ADB-4AD7-9E0C-B2D1B75CB1C5}"
EndProject
Global
	GlobalSection(SolutionConfigurationPlatforms) = preSolution
		Debug|Any CPU = Debug|Any CPU
		Release|Any CPU = Release|Any CPU
	EndGlobalSection
	GlobalSection(ProjectConfigurationPlatforms) = postSolution
		{2B48D80B-EEB0-45C7-B96A-49CEC172FD32}.Debug|Any CPU.ActiveCfg = Debug|Any CPU
		{2B48D80B-EEB0-45C7-B96A-49CEC172FD32}.Debug|Any CPU.Build.0 = Debug|Any CPU
		{2B48D80B-EEB0-45C7-B96A-49CEC172FD32}.Release|Any CPU.ActiveCfg = Release|Any CPU
		{2B48D80B-EEB0-45C7-B96A-49CEC172FD32}.Release|Any CPU.Build.0 = Release|Any CPU
		{1214707B-6204-4DA6-8351-0D6CF936979F}.Debug|Any CPU.ActiveCfg = Debug|Any CPU
		{1214707B-6204-4DA6-8351-0D6CF936979F}.Debug|Any CPU.Build.0 = Debug|Any CPU
		{1214707B-6204-4DA6-8351-0D6CF936979F}.Release|Any CPU.ActiveCfg = Release|Any CPU
		{1214707B-6204-4DA6-8351-0D6CF936979F}.Release|Any CPU.Build.0 = Release|Any CPU
		{013E7670-C606-4325-8100-FD0B73C9D7A3}.Debug|Any CPU.ActiveCfg = Debug|Any CPU
		{013E7670-C606-4325-8100-FD0B73C9D7A3}.Debug|Any CPU.Build.0 = Debug|Any CPU
		{013E7670-C606-4325-8100-FD0B73C9D7A3}.Release|Any CPU.ActiveCfg = Release|Any CPU
		{013E7670-C606-4325-8100-FD0B73C9D7A3}.Release|Any CPU.Build.0 = Release|Any CPU
		{305B7795-9401-4E61-A87B-FD2FC6C505DA}.Debug|Any CPU.ActiveCfg = Debug|Any CPU
		{305B7795-9401-4E61-A87B-FD2FC6C505DA}.Debug|Any CPU.Build.0 = Debug|Any CPU
		{305B7795-9401-4E61-A87B-FD2FC6C505DA}.Release|Any CPU.ActiveCfg = Release|Any CPU
		{305B7795-9401-4E61-A87B-FD2FC6C505DA}.Release|Any CPU.Build.0 = Release|Any CPU
		{7F6AD892-0ADB-4AD7-9E0C-B2D1B75CB1C5}.Debug|Any CPU.ActiveCfg = Debug|Any CPU
		{7F6AD892-0ADB-4AD7-9E0C-B2D1B75CB1C5}.Debug|Any CPU.Build.0 = Debug|Any CPU
		{7F6AD892-0ADB-4AD7-9E0C-B2D1B75CB1C5}.Release|Any CPU.ActiveCfg = Release|Any CPU
		{7F6AD892-0ADB-4AD7-9E0C-B2D1B75CB1C5}.Release|Any CPU.Build.0 = Release|Any CPU
	EndGlobalSection
	GlobalSection(SolutionProperties) = preSolution
		HideSolutionNode = FALSE
	EndGlobalSection
	GlobalSection(ExtensibilityGlobals) = postSolution
		SolutionGuid = {810EAA4A-7182-4058-9C60-92E29DB9E7EE}
	EndGlobalSection
EndGlobal
